
Microsoft Visual Studio Solution File, Format Version 12.00
# Visual Studio Version 17
VisualStudioVersion = 17.7.34024.191
MinimumVisualStudioVersion = 10.0.40219.1
Project("{FAE04EC0-301F-11D3-BF4B-00C04F79EFBC}") = "GaemMomentServer", "GaemMomentServer\GaemMomentServer.csproj", "{3C8FD880-51A9-4152-800D-E32595A9BE74}"
EndProject
Global
	GlobalSection(SolutionConfigurationPlatforms) = preSolution
		Debug|Any CPU = Debug|Any CPU
		Release|Any CPU = Release|Any CPU
	EndGlobalSection
	GlobalSection(ProjectConfigurationPlatforms) = postSolution
		{3C8FD880-51A9-4152-800D-E32595A9BE74}.Debug|Any CPU.ActiveCfg = Debug|Any CPU
		{3C8FD880-51A9-4152-800D-E32595A9BE74}.Debug|Any CPU.Build.0 = Debug|Any CPU
		{3C8FD880-51A9-4152-800D-E32595A9BE74}.Release|Any CPU.ActiveCfg = Release|Any CPU
		{3C8FD880-51A9-4152-800D-E32595A9BE74}.Release|Any CPU.Build.0 = Release|Any CPU
	EndGlobalSection
	GlobalSection(SolutionProperties) = preSolution
		HideSolutionNode = FALSE
	EndGlobalSection
	GlobalSection(ExtensibilityGlobals) = postSolution
		SolutionGuid = {4A4B492C-AD38-4EA7-982C-3A773CEDFC9F}
	EndGlobalSection
EndGlobal
